// !$*UTF8*$!
{
	archiveVersion = 1;
	classes = {
	};
	objectVersion = 46;
	objects = {

/* Begin PBXBuildFile section */
		093904CF18BDD9F2006E8F82 /* CSKuleGuideViewController.m in Sources */ = {isa = PBXBuildFile; fileRef = 093904CE18BDD9F2006E8F82 /* CSKuleGuideViewController.m */; };
		093904DD18BDDA90006E8F82 /* CSKuleRootViewController.m in Sources */ = {isa = PBXBuildFile; fileRef = 093904DC18BDDA90006E8F82 /* CSKuleRootViewController.m */; };
		093904E018BDDA9D006E8F82 /* CSViewController.m in Sources */ = {isa = PBXBuildFile; fileRef = 093904DF18BDDA9D006E8F82 /* CSViewController.m */; };
		09BA1B9118BB2AB300760182 /* Foundation.framework in Frameworks */ = {isa = PBXBuildFile; fileRef = 09BA1B9018BB2AB300760182 /* Foundation.framework */; };
		09BA1B9318BB2AB300760182 /* CoreGraphics.framework in Frameworks */ = {isa = PBXBuildFile; fileRef = 09BA1B9218BB2AB300760182 /* CoreGraphics.framework */; };
		09BA1B9518BB2AB300760182 /* UIKit.framework in Frameworks */ = {isa = PBXBuildFile; fileRef = 09BA1B9418BB2AB300760182 /* UIKit.framework */; };
		09BA1B9B18BB2AB300760182 /* InfoPlist.strings in Resources */ = {isa = PBXBuildFile; fileRef = 09BA1B9918BB2AB300760182 /* InfoPlist.strings */; };
		09BA1B9D18BB2AB300760182 /* main.m in Sources */ = {isa = PBXBuildFile; fileRef = 09BA1B9C18BB2AB300760182 /* main.m */; };
		09BA1BA118BB2AB400760182 /* CSAppDelegate.m in Sources */ = {isa = PBXBuildFile; fileRef = 09BA1BA018BB2AB400760182 /* CSAppDelegate.m */; };
		09BA1BA918BB2AB400760182 /* Images.xcassets in Resources */ = {isa = PBXBuildFile; fileRef = 09BA1BA818BB2AB400760182 /* Images.xcassets */; };
		09BA1BB018BB2AB600760182 /* XCTest.framework in Frameworks */ = {isa = PBXBuildFile; fileRef = 09BA1BAF18BB2AB600760182 /* XCTest.framework */; };
		09BA1BB118BB2AB600760182 /* Foundation.framework in Frameworks */ = {isa = PBXBuildFile; fileRef = 09BA1B9018BB2AB300760182 /* Foundation.framework */; };
		09BA1BB218BB2AB600760182 /* UIKit.framework in Frameworks */ = {isa = PBXBuildFile; fileRef = 09BA1B9418BB2AB300760182 /* UIKit.framework */; };
		09BA1BBA18BB2AB600760182 /* InfoPlist.strings in Resources */ = {isa = PBXBuildFile; fileRef = 09BA1BB818BB2AB600760182 /* InfoPlist.strings */; };
		09BA1BBC18BB2AB600760182 /* KulebaoTests.m in Sources */ = {isa = PBXBuildFile; fileRef = 09BA1BBB18BB2AB600760182 /* KulebaoTests.m */; };
		09BA1BC818BB2D2000760182 /* Localizable.strings in Resources */ = {isa = PBXBuildFile; fileRef = 09BA1BC718BB2D2000760182 /* Localizable.strings */; };
		09BA1BDD18BB2FC700760182 /* EGORefreshTableHeaderView.m in Sources */ = {isa = PBXBuildFile; fileRef = 09BA1BCD18BB2FC700760182 /* EGORefreshTableHeaderView.m */; settings = {COMPILER_FLAGS = "-fno-objc-arc"; }; };
		09BA1BDE18BB2FC700760182 /* LoadMoreTableFooterView.m in Sources */ = {isa = PBXBuildFile; fileRef = 09BA1BCF18BB2FC700760182 /* LoadMoreTableFooterView.m */; settings = {COMPILER_FLAGS = "-fno-objc-arc"; }; };
		09BA1BDF18BB2FC700760182 /* MessageInterceptor.m in Sources */ = {isa = PBXBuildFile; fileRef = 09BA1BD118BB2FC700760182 /* MessageInterceptor.m */; settings = {COMPILER_FLAGS = "-fno-objc-arc"; }; };
		09BA1BE018BB2FC700760182 /* PullTableView.m in Sources */ = {isa = PBXBuildFile; fileRef = 09BA1BD318BB2FC700760182 /* PullTableView.m */; settings = {COMPILER_FLAGS = "-fno-objc-arc"; }; };
		09BA1BE118BB2FC700760182 /* blackArrow.png in Resources */ = {isa = PBXBuildFile; fileRef = 09BA1BD518BB2FC700760182 /* blackArrow.png */; };
		09BA1BE218BB2FC700760182 /* blackArrow@2x.png in Resources */ = {isa = PBXBuildFile; fileRef = 09BA1BD618BB2FC700760182 /* blackArrow@2x.png */; };
		09BA1BE318BB2FC700760182 /* blueArrow.png in Resources */ = {isa = PBXBuildFile; fileRef = 09BA1BD718BB2FC700760182 /* blueArrow.png */; };
		09BA1BE418BB2FC700760182 /* blueArrow@2x.png in Resources */ = {isa = PBXBuildFile; fileRef = 09BA1BD818BB2FC700760182 /* blueArrow@2x.png */; };
		09BA1BE518BB2FC700760182 /* grayArrow.png in Resources */ = {isa = PBXBuildFile; fileRef = 09BA1BD918BB2FC700760182 /* grayArrow.png */; };
		09BA1BE618BB2FC700760182 /* grayArrow@2x.png in Resources */ = {isa = PBXBuildFile; fileRef = 09BA1BDA18BB2FC700760182 /* grayArrow@2x.png */; };
		09BA1BE718BB2FC700760182 /* whiteArrow.png in Resources */ = {isa = PBXBuildFile; fileRef = 09BA1BDB18BB2FC700760182 /* whiteArrow.png */; };
		09BA1BE818BB2FC700760182 /* whiteArrow@2x.png in Resources */ = {isa = PBXBuildFile; fileRef = 09BA1BDC18BB2FC700760182 /* whiteArrow@2x.png */; };
		09BA1BEA18BB2FE100760182 /* QuartzCore.framework in Frameworks */ = {isa = PBXBuildFile; fileRef = 09BA1BE918BB2FE100760182 /* QuartzCore.framework */; };
		09BA1BFC18BB334900760182 /* libBPush.a in Frameworks */ = {isa = PBXBuildFile; fileRef = 09BA1BEF18BB334900760182 /* libBPush.a */; };
		09BA1BFD18BB334900760182 /* Base64.m in Sources */ = {isa = PBXBuildFile; fileRef = 09BA1BF218BB334900760182 /* Base64.m */; settings = {COMPILER_FLAGS = "-fno-objc-arc"; }; };
		09BA1BFE18BB334900760182 /* GzipCompressor.m in Sources */ = {isa = PBXBuildFile; fileRef = 09BA1BF518BB334900760182 /* GzipCompressor.m */; settings = {COMPILER_FLAGS = "-fno-objc-arc"; }; };
		09BA1BFF18BB334900760182 /* JSONKit.m in Sources */ = {isa = PBXBuildFile; fileRef = 09BA1BF718BB334900760182 /* JSONKit.m */; settings = {COMPILER_FLAGS = "-fno-objc-arc"; }; };
		09BA1C0018BB334900760182 /* OpenUDID.m in Sources */ = {isa = PBXBuildFile; fileRef = 09BA1BF918BB334900760182 /* OpenUDID.m */; settings = {COMPILER_FLAGS = "-fno-objc-arc"; }; };
		09BA1C0118BB334900760182 /* Reachability.m in Sources */ = {isa = PBXBuildFile; fileRef = 09BA1BFB18BB334900760182 /* Reachability.m */; settings = {COMPILER_FLAGS = "-fno-objc-arc"; }; };
		09BA1C0418BB34B000760182 /* CoreTelephony.framework in Frameworks */ = {isa = PBXBuildFile; fileRef = 09BA1C0318BB34B000760182 /* CoreTelephony.framework */; };
		09BA1C0618BB34B500760182 /* libz.dylib in Frameworks */ = {isa = PBXBuildFile; fileRef = 09BA1C0518BB34B500760182 /* libz.dylib */; };
		09BA1C0818BB34BD00760182 /* SystemConfiguration.framework in Frameworks */ = {isa = PBXBuildFile; fileRef = 09BA1C0718BB34BD00760182 /* SystemConfiguration.framework */; };
		09BA1C0A18BB34F400760182 /* BPushConfig.plist in Resources */ = {isa = PBXBuildFile; fileRef = 09BA1C0918BB34F400760182 /* BPushConfig.plist */; };
		09BA1C0C18BB351700760182 /* PullTableViewLan.strings in Resources */ = {isa = PBXBuildFile; fileRef = 09BA1C0B18BB351700760182 /* PullTableViewLan.strings */; };
		09BA1C2318BB3F8400760182 /* AFHTTPClient.m in Sources */ = {isa = PBXBuildFile; fileRef = 09BA1C1118BB3F8400760182 /* AFHTTPClient.m */; };
		09BA1C2418BB3F8400760182 /* AFHTTPRequestOperation.m in Sources */ = {isa = PBXBuildFile; fileRef = 09BA1C1318BB3F8400760182 /* AFHTTPRequestOperation.m */; };
		09BA1C2518BB3F8400760182 /* AFImageRequestOperation.m in Sources */ = {isa = PBXBuildFile; fileRef = 09BA1C1518BB3F8400760182 /* AFImageRequestOperation.m */; };
		09BA1C2618BB3F8400760182 /* AFJSONRequestOperation.m in Sources */ = {isa = PBXBuildFile; fileRef = 09BA1C1718BB3F8400760182 /* AFJSONRequestOperation.m */; };
		09BA1C2718BB3F8400760182 /* AFNetworkActivityIndicatorManager.m in Sources */ = {isa = PBXBuildFile; fileRef = 09BA1C1918BB3F8400760182 /* AFNetworkActivityIndicatorManager.m */; };
		09BA1C2818BB3F8400760182 /* AFPropertyListRequestOperation.m in Sources */ = {isa = PBXBuildFile; fileRef = 09BA1C1C18BB3F8400760182 /* AFPropertyListRequestOperation.m */; };
		09BA1C2918BB3F8400760182 /* AFURLConnectionOperation.m in Sources */ = {isa = PBXBuildFile; fileRef = 09BA1C1E18BB3F8400760182 /* AFURLConnectionOperation.m */; };
		09BA1C2A18BB3F8400760182 /* AFXMLRequestOperation.m in Sources */ = {isa = PBXBuildFile; fileRef = 09BA1C2018BB3F8400760182 /* AFXMLRequestOperation.m */; };
		09BA1C2B18BB3F8400760182 /* UIImageView+AFNetworking.m in Sources */ = {isa = PBXBuildFile; fileRef = 09BA1C2218BB3F8400760182 /* UIImageView+AFNetworking.m */; };
		09BA1C2E18BB412600760182 /* MobileCoreServices.framework in Frameworks */ = {isa = PBXBuildFile; fileRef = 09BA1C2D18BB412600760182 /* MobileCoreServices.framework */; };
		09BA1C3318BB429100760182 /* Main.storyboard in Resources */ = {isa = PBXBuildFile; fileRef = 09BA1C3218BB429100760182 /* Main.storyboard */; };
		09C1C75F18BD92990040B06D /* AFJSONRequestOperation+CSExtends.m in Sources */ = {isa = PBXBuildFile; fileRef = 09C1C75C18BD92990040B06D /* AFJSONRequestOperation+CSExtends.m */; };
		09C1C76018BD92990040B06D /* CSHttpClient.m in Sources */ = {isa = PBXBuildFile; fileRef = 09C1C75E18BD92990040B06D /* CSHttpClient.m */; };
		09C1C76618BD973B0040B06D /* NSDictionary+CSExtends.m in Sources */ = {isa = PBXBuildFile; fileRef = 09C1C76518BD973B0040B06D /* NSDictionary+CSExtends.m */; };
/* End PBXBuildFile section */

/* Begin PBXContainerItemProxy section */
		09BA1BB318BB2AB600760182 /* PBXContainerItemProxy */ = {
			isa = PBXContainerItemProxy;
			containerPortal = 09BA1B8518BB2AB300760182 /* Project object */;
			proxyType = 1;
			remoteGlobalIDString = 09BA1B8C18BB2AB300760182;
			remoteInfo = Kulebao;
		};
/* End PBXContainerItemProxy section */

/* Begin PBXFileReference section */
		093904CD18BDD9F2006E8F82 /* CSKuleGuideViewController.h */ = {isa = PBXFileReference; fileEncoding = 4; lastKnownFileType = sourcecode.c.h; path = CSKuleGuideViewController.h; sourceTree = "<group>"; };
		093904CE18BDD9F2006E8F82 /* CSKuleGuideViewController.m */ = {isa = PBXFileReference; fileEncoding = 4; lastKnownFileType = sourcecode.c.objc; path = CSKuleGuideViewController.m; sourceTree = "<group>"; };
		093904D618BDDA40006E8F82 /* CSAppErrorCode.h */ = {isa = PBXFileReference; fileEncoding = 4; lastKnownFileType = sourcecode.c.h; path = CSAppErrorCode.h; sourceTree = "<group>"; };
		093904D718BDDA40006E8F82 /* CSKulebaoEventType.h */ = {isa = PBXFileReference; fileEncoding = 4; lastKnownFileType = sourcecode.c.h; path = CSKulebaoEventType.h; sourceTree = "<group>"; };
		093904D818BDDA40006E8F82 /* CSKulebaoServerUrls.h */ = {isa = PBXFileReference; fileEncoding = 4; lastKnownFileType = sourcecode.c.h; path = CSKulebaoServerUrls.h; sourceTree = "<group>"; };
		093904DB18BDDA90006E8F82 /* CSKuleRootViewController.h */ = {isa = PBXFileReference; fileEncoding = 4; lastKnownFileType = sourcecode.c.h; path = CSKuleRootViewController.h; sourceTree = "<group>"; };
		093904DC18BDDA90006E8F82 /* CSKuleRootViewController.m */ = {isa = PBXFileReference; fileEncoding = 4; lastKnownFileType = sourcecode.c.objc; path = CSKuleRootViewController.m; sourceTree = "<group>"; };
		093904DE18BDDA9D006E8F82 /* CSViewController.h */ = {isa = PBXFileReference; fileEncoding = 4; lastKnownFileType = sourcecode.c.h; path = CSViewController.h; sourceTree = "<group>"; };
		093904DF18BDDA9D006E8F82 /* CSViewController.m */ = {isa = PBXFileReference; fileEncoding = 4; lastKnownFileType = sourcecode.c.objc; path = CSViewController.m; sourceTree = "<group>"; };
		09BA1B8D18BB2AB300760182 /* Kulebao.app */ = {isa = PBXFileReference; explicitFileType = wrapper.application; includeInIndex = 0; path = Kulebao.app; sourceTree = BUILT_PRODUCTS_DIR; };
		09BA1B9018BB2AB300760182 /* Foundation.framework */ = {isa = PBXFileReference; lastKnownFileType = wrapper.framework; name = Foundation.framework; path = System/Library/Frameworks/Foundation.framework; sourceTree = SDKROOT; };
		09BA1B9218BB2AB300760182 /* CoreGraphics.framework */ = {isa = PBXFileReference; lastKnownFileType = wrapper.framework; name = CoreGraphics.framework; path = System/Library/Frameworks/CoreGraphics.framework; sourceTree = SDKROOT; };
		09BA1B9418BB2AB300760182 /* UIKit.framework */ = {isa = PBXFileReference; lastKnownFileType = wrapper.framework; name = UIKit.framework; path = System/Library/Frameworks/UIKit.framework; sourceTree = SDKROOT; };
		09BA1B9818BB2AB300760182 /* Kulebao-Info.plist */ = {isa = PBXFileReference; lastKnownFileType = text.plist.xml; path = "Kulebao-Info.plist"; sourceTree = "<group>"; };
		09BA1B9A18BB2AB300760182 /* en */ = {isa = PBXFileReference; lastKnownFileType = text.plist.strings; name = en; path = en.lproj/InfoPlist.strings; sourceTree = "<group>"; };
		09BA1B9C18BB2AB300760182 /* main.m */ = {isa = PBXFileReference; lastKnownFileType = sourcecode.c.objc; path = main.m; sourceTree = "<group>"; };
		09BA1B9E18BB2AB300760182 /* Kulebao-Prefix.pch */ = {isa = PBXFileReference; lastKnownFileType = sourcecode.c.h; path = "Kulebao-Prefix.pch"; sourceTree = "<group>"; };
		09BA1B9F18BB2AB400760182 /* CSAppDelegate.h */ = {isa = PBXFileReference; lastKnownFileType = sourcecode.c.h; path = CSAppDelegate.h; sourceTree = "<group>"; };
		09BA1BA018BB2AB400760182 /* CSAppDelegate.m */ = {isa = PBXFileReference; lastKnownFileType = sourcecode.c.objc; path = CSAppDelegate.m; sourceTree = "<group>"; };
		09BA1BA818BB2AB400760182 /* Images.xcassets */ = {isa = PBXFileReference; lastKnownFileType = folder.assetcatalog; path = Images.xcassets; sourceTree = "<group>"; };
		09BA1BAE18BB2AB600760182 /* KulebaoTests.xctest */ = {isa = PBXFileReference; explicitFileType = wrapper.cfbundle; includeInIndex = 0; path = KulebaoTests.xctest; sourceTree = BUILT_PRODUCTS_DIR; };
		09BA1BAF18BB2AB600760182 /* XCTest.framework */ = {isa = PBXFileReference; lastKnownFileType = wrapper.framework; name = XCTest.framework; path = Library/Frameworks/XCTest.framework; sourceTree = DEVELOPER_DIR; };
		09BA1BB718BB2AB600760182 /* KulebaoTests-Info.plist */ = {isa = PBXFileReference; lastKnownFileType = text.plist.xml; path = "KulebaoTests-Info.plist"; sourceTree = "<group>"; };
		09BA1BB918BB2AB600760182 /* en */ = {isa = PBXFileReference; lastKnownFileType = text.plist.strings; name = en; path = en.lproj/InfoPlist.strings; sourceTree = "<group>"; };
		09BA1BBB18BB2AB600760182 /* KulebaoTests.m */ = {isa = PBXFileReference; lastKnownFileType = sourcecode.c.objc; path = KulebaoTests.m; sourceTree = "<group>"; };
		09BA1BC718BB2D2000760182 /* Localizable.strings */ = {isa = PBXFileReference; fileEncoding = 4; lastKnownFileType = text.plist.strings; path = Localizable.strings; sourceTree = "<group>"; };
		09BA1BCC18BB2FC700760182 /* EGORefreshTableHeaderView.h */ = {isa = PBXFileReference; fileEncoding = 4; lastKnownFileType = sourcecode.c.h; path = EGORefreshTableHeaderView.h; sourceTree = "<group>"; };
		09BA1BCD18BB2FC700760182 /* EGORefreshTableHeaderView.m */ = {isa = PBXFileReference; fileEncoding = 4; lastKnownFileType = sourcecode.c.objc; path = EGORefreshTableHeaderView.m; sourceTree = "<group>"; };
		09BA1BCE18BB2FC700760182 /* LoadMoreTableFooterView.h */ = {isa = PBXFileReference; fileEncoding = 4; lastKnownFileType = sourcecode.c.h; path = LoadMoreTableFooterView.h; sourceTree = "<group>"; };
		09BA1BCF18BB2FC700760182 /* LoadMoreTableFooterView.m */ = {isa = PBXFileReference; fileEncoding = 4; lastKnownFileType = sourcecode.c.objc; path = LoadMoreTableFooterView.m; sourceTree = "<group>"; };
		09BA1BD018BB2FC700760182 /* MessageInterceptor.h */ = {isa = PBXFileReference; fileEncoding = 4; lastKnownFileType = sourcecode.c.h; path = MessageInterceptor.h; sourceTree = "<group>"; };
		09BA1BD118BB2FC700760182 /* MessageInterceptor.m */ = {isa = PBXFileReference; fileEncoding = 4; lastKnownFileType = sourcecode.c.objc; path = MessageInterceptor.m; sourceTree = "<group>"; };
		09BA1BD218BB2FC700760182 /* PullTableView.h */ = {isa = PBXFileReference; fileEncoding = 4; lastKnownFileType = sourcecode.c.h; path = PullTableView.h; sourceTree = "<group>"; };
		09BA1BD318BB2FC700760182 /* PullTableView.m */ = {isa = PBXFileReference; fileEncoding = 4; lastKnownFileType = sourcecode.c.objc; path = PullTableView.m; sourceTree = "<group>"; };
		09BA1BD518BB2FC700760182 /* blackArrow.png */ = {isa = PBXFileReference; lastKnownFileType = image.png; path = blackArrow.png; sourceTree = "<group>"; };
		09BA1BD618BB2FC700760182 /* blackArrow@2x.png */ = {isa = PBXFileReference; lastKnownFileType = image.png; path = "blackArrow@2x.png"; sourceTree = "<group>"; };
		09BA1BD718BB2FC700760182 /* blueArrow.png */ = {isa = PBXFileReference; lastKnownFileType = image.png; path = blueArrow.png; sourceTree = "<group>"; };
		09BA1BD818BB2FC700760182 /* blueArrow@2x.png */ = {isa = PBXFileReference; lastKnownFileType = image.png; path = "blueArrow@2x.png"; sourceTree = "<group>"; };
		09BA1BD918BB2FC700760182 /* grayArrow.png */ = {isa = PBXFileReference; lastKnownFileType = image.png; path = grayArrow.png; sourceTree = "<group>"; };
		09BA1BDA18BB2FC700760182 /* grayArrow@2x.png */ = {isa = PBXFileReference; lastKnownFileType = image.png; path = "grayArrow@2x.png"; sourceTree = "<group>"; };
		09BA1BDB18BB2FC700760182 /* whiteArrow.png */ = {isa = PBXFileReference; lastKnownFileType = image.png; path = whiteArrow.png; sourceTree = "<group>"; };
		09BA1BDC18BB2FC700760182 /* whiteArrow@2x.png */ = {isa = PBXFileReference; lastKnownFileType = image.png; path = "whiteArrow@2x.png"; sourceTree = "<group>"; };
		09BA1BE918BB2FE100760182 /* QuartzCore.framework */ = {isa = PBXFileReference; lastKnownFileType = wrapper.framework; name = QuartzCore.framework; path = System/Library/Frameworks/QuartzCore.framework; sourceTree = SDKROOT; };
		09BA1BEE18BB334900760182 /* BPush.h */ = {isa = PBXFileReference; fileEncoding = 4; lastKnownFileType = sourcecode.c.h; path = BPush.h; sourceTree = "<group>"; };
		09BA1BEF18BB334900760182 /* libBPush.a */ = {isa = PBXFileReference; lastKnownFileType = archive.ar; path = libBPush.a; sourceTree = "<group>"; };
		09BA1BF118BB334900760182 /* Base64.h */ = {isa = PBXFileReference; fileEncoding = 4; lastKnownFileType = sourcecode.c.h; path = Base64.h; sourceTree = "<group>"; };
		09BA1BF218BB334900760182 /* Base64.m */ = {isa = PBXFileReference; fileEncoding = 4; lastKnownFileType = sourcecode.c.objc; path = Base64.m; sourceTree = "<group>"; };
		09BA1BF318BB334900760182 /* Base64Defines.h */ = {isa = PBXFileReference; fileEncoding = 4; lastKnownFileType = sourcecode.c.h; path = Base64Defines.h; sourceTree = "<group>"; };
		09BA1BF418BB334900760182 /* GzipCompressor.h */ = {isa = PBXFileReference; fileEncoding = 4; lastKnownFileType = sourcecode.c.h; path = GzipCompressor.h; sourceTree = "<group>"; };
		09BA1BF518BB334900760182 /* GzipCompressor.m */ = {isa = PBXFileReference; fileEncoding = 4; lastKnownFileType = sourcecode.c.objc; path = GzipCompressor.m; sourceTree = "<group>"; };
		09BA1BF618BB334900760182 /* JSONKit.h */ = {isa = PBXFileReference; fileEncoding = 4; lastKnownFileType = sourcecode.c.h; path = JSONKit.h; sourceTree = "<group>"; };
		09BA1BF718BB334900760182 /* JSONKit.m */ = {isa = PBXFileReference; fileEncoding = 4; lastKnownFileType = sourcecode.c.objc; path = JSONKit.m; sourceTree = "<group>"; };
		09BA1BF818BB334900760182 /* OpenUDID.h */ = {isa = PBXFileReference; fileEncoding = 4; lastKnownFileType = sourcecode.c.h; path = OpenUDID.h; sourceTree = "<group>"; };
		09BA1BF918BB334900760182 /* OpenUDID.m */ = {isa = PBXFileReference; fileEncoding = 4; lastKnownFileType = sourcecode.c.objc; path = OpenUDID.m; sourceTree = "<group>"; };
		09BA1BFA18BB334900760182 /* Reachability.h */ = {isa = PBXFileReference; fileEncoding = 4; lastKnownFileType = sourcecode.c.h; path = Reachability.h; sourceTree = "<group>"; };
		09BA1BFB18BB334900760182 /* Reachability.m */ = {isa = PBXFileReference; fileEncoding = 4; lastKnownFileType = sourcecode.c.objc; path = Reachability.m; sourceTree = "<group>"; };
		09BA1C0318BB34B000760182 /* CoreTelephony.framework */ = {isa = PBXFileReference; lastKnownFileType = wrapper.framework; name = CoreTelephony.framework; path = System/Library/Frameworks/CoreTelephony.framework; sourceTree = SDKROOT; };
		09BA1C0518BB34B500760182 /* libz.dylib */ = {isa = PBXFileReference; lastKnownFileType = "compiled.mach-o.dylib"; name = libz.dylib; path = usr/lib/libz.dylib; sourceTree = SDKROOT; };
		09BA1C0718BB34BD00760182 /* SystemConfiguration.framework */ = {isa = PBXFileReference; lastKnownFileType = wrapper.framework; name = SystemConfiguration.framework; path = System/Library/Frameworks/SystemConfiguration.framework; sourceTree = SDKROOT; };
		09BA1C0918BB34F400760182 /* BPushConfig.plist */ = {isa = PBXFileReference; fileEncoding = 4; lastKnownFileType = text.plist.xml; path = BPushConfig.plist; sourceTree = "<group>"; };
		09BA1C0B18BB351700760182 /* PullTableViewLan.strings */ = {isa = PBXFileReference; fileEncoding = 4; lastKnownFileType = text.plist.strings; path = PullTableViewLan.strings; sourceTree = "<group>"; };
		09BA1C0D18BB386100760182 /* 版本说明.pdf */ = {isa = PBXFileReference; lastKnownFileType = image.pdf; path = "版本说明.pdf"; sourceTree = "<group>"; };
		09BA1C0E18BB386100760182 /* 用户手册.pdf */ = {isa = PBXFileReference; lastKnownFileType = image.pdf; path = "用户手册.pdf"; sourceTree = "<group>"; };
		09BA1C1018BB3F8400760182 /* AFHTTPClient.h */ = {isa = PBXFileReference; fileEncoding = 4; lastKnownFileType = sourcecode.c.h; path = AFHTTPClient.h; sourceTree = "<group>"; };
		09BA1C1118BB3F8400760182 /* AFHTTPClient.m */ = {isa = PBXFileReference; fileEncoding = 4; lastKnownFileType = sourcecode.c.objc; path = AFHTTPClient.m; sourceTree = "<group>"; };
		09BA1C1218BB3F8400760182 /* AFHTTPRequestOperation.h */ = {isa = PBXFileReference; fileEncoding = 4; lastKnownFileType = sourcecode.c.h; path = AFHTTPRequestOperation.h; sourceTree = "<group>"; };
		09BA1C1318BB3F8400760182 /* AFHTTPRequestOperation.m */ = {isa = PBXFileReference; fileEncoding = 4; lastKnownFileType = sourcecode.c.objc; path = AFHTTPRequestOperation.m; sourceTree = "<group>"; };
		09BA1C1418BB3F8400760182 /* AFImageRequestOperation.h */ = {isa = PBXFileReference; fileEncoding = 4; lastKnownFileType = sourcecode.c.h; path = AFImageRequestOperation.h; sourceTree = "<group>"; };
		09BA1C1518BB3F8400760182 /* AFImageRequestOperation.m */ = {isa = PBXFileReference; fileEncoding = 4; lastKnownFileType = sourcecode.c.objc; path = AFImageRequestOperation.m; sourceTree = "<group>"; };
		09BA1C1618BB3F8400760182 /* AFJSONRequestOperation.h */ = {isa = PBXFileReference; fileEncoding = 4; lastKnownFileType = sourcecode.c.h; path = AFJSONRequestOperation.h; sourceTree = "<group>"; };
		09BA1C1718BB3F8400760182 /* AFJSONRequestOperation.m */ = {isa = PBXFileReference; fileEncoding = 4; lastKnownFileType = sourcecode.c.objc; path = AFJSONRequestOperation.m; sourceTree = "<group>"; };
		09BA1C1818BB3F8400760182 /* AFNetworkActivityIndicatorManager.h */ = {isa = PBXFileReference; fileEncoding = 4; lastKnownFileType = sourcecode.c.h; path = AFNetworkActivityIndicatorManager.h; sourceTree = "<group>"; };
		09BA1C1918BB3F8400760182 /* AFNetworkActivityIndicatorManager.m */ = {isa = PBXFileReference; fileEncoding = 4; lastKnownFileType = sourcecode.c.objc; path = AFNetworkActivityIndicatorManager.m; sourceTree = "<group>"; };
		09BA1C1A18BB3F8400760182 /* AFNetworking.h */ = {isa = PBXFileReference; fileEncoding = 4; lastKnownFileType = sourcecode.c.h; path = AFNetworking.h; sourceTree = "<group>"; };
		09BA1C1B18BB3F8400760182 /* AFPropertyListRequestOperation.h */ = {isa = PBXFileReference; fileEncoding = 4; lastKnownFileType = sourcecode.c.h; path = AFPropertyListRequestOperation.h; sourceTree = "<group>"; };
		09BA1C1C18BB3F8400760182 /* AFPropertyListRequestOperation.m */ = {isa = PBXFileReference; fileEncoding = 4; lastKnownFileType = sourcecode.c.objc; path = AFPropertyListRequestOperation.m; sourceTree = "<group>"; };
		09BA1C1D18BB3F8400760182 /* AFURLConnectionOperation.h */ = {isa = PBXFileReference; fileEncoding = 4; lastKnownFileType = sourcecode.c.h; path = AFURLConnectionOperation.h; sourceTree = "<group>"; };
		09BA1C1E18BB3F8400760182 /* AFURLConnectionOperation.m */ = {isa = PBXFileReference; fileEncoding = 4; lastKnownFileType = sourcecode.c.objc; path = AFURLConnectionOperation.m; sourceTree = "<group>"; };
		09BA1C1F18BB3F8400760182 /* AFXMLRequestOperation.h */ = {isa = PBXFileReference; fileEncoding = 4; lastKnownFileType = sourcecode.c.h; path = AFXMLRequestOperation.h; sourceTree = "<group>"; };
		09BA1C2018BB3F8400760182 /* AFXMLRequestOperation.m */ = {isa = PBXFileReference; fileEncoding = 4; lastKnownFileType = sourcecode.c.objc; path = AFXMLRequestOperation.m; sourceTree = "<group>"; };
		09BA1C2118BB3F8400760182 /* UIImageView+AFNetworking.h */ = {isa = PBXFileReference; fileEncoding = 4; lastKnownFileType = sourcecode.c.h; path = "UIImageView+AFNetworking.h"; sourceTree = "<group>"; };
		09BA1C2218BB3F8400760182 /* UIImageView+AFNetworking.m */ = {isa = PBXFileReference; fileEncoding = 4; lastKnownFileType = sourcecode.c.objc; path = "UIImageView+AFNetworking.m"; sourceTree = "<group>"; };
		09BA1C2D18BB412600760182 /* MobileCoreServices.framework */ = {isa = PBXFileReference; lastKnownFileType = wrapper.framework; name = MobileCoreServices.framework; path = System/Library/Frameworks/MobileCoreServices.framework; sourceTree = SDKROOT; };
		09BA1C3218BB429100760182 /* Main.storyboard */ = {isa = PBXFileReference; fileEncoding = 4; lastKnownFileType = file.storyboard; path = Main.storyboard; sourceTree = "<group>"; };
		09BA1C3418BB43EC00760182 /* zh-Hans */ = {isa = PBXFileReference; lastKnownFileType = text.plist.strings; name = "zh-Hans"; path = "zh-Hans.lproj/InfoPlist.strings"; sourceTree = "<group>"; };
		09BA1C3518BB43EC00760182 /* zh-Hans */ = {isa = PBXFileReference; lastKnownFileType = text.plist.strings; name = "zh-Hans"; path = "zh-Hans.lproj/InfoPlist.strings"; sourceTree = "<group>"; };
		09C1C75B18BD92990040B06D /* AFJSONRequestOperation+CSExtends.h */ = {isa = PBXFileReference; fileEncoding = 4; lastKnownFileType = sourcecode.c.h; path = "AFJSONRequestOperation+CSExtends.h"; sourceTree = "<group>"; };
		09C1C75C18BD92990040B06D /* AFJSONRequestOperation+CSExtends.m */ = {isa = PBXFileReference; fileEncoding = 4; lastKnownFileType = sourcecode.c.objc; path = "AFJSONRequestOperation+CSExtends.m"; sourceTree = "<group>"; };
		09C1C75D18BD92990040B06D /* CSHttpClient.h */ = {isa = PBXFileReference; fileEncoding = 4; lastKnownFileType = sourcecode.c.h; path = CSHttpClient.h; sourceTree = "<group>"; };
		09C1C75E18BD92990040B06D /* CSHttpClient.m */ = {isa = PBXFileReference; fileEncoding = 4; lastKnownFileType = sourcecode.c.objc; path = CSHttpClient.m; sourceTree = "<group>"; };
		09C1C76418BD973B0040B06D /* NSDictionary+CSExtends.h */ = {isa = PBXFileReference; fileEncoding = 4; lastKnownFileType = sourcecode.c.h; path = "NSDictionary+CSExtends.h"; sourceTree = "<group>"; };
		09C1C76518BD973B0040B06D /* NSDictionary+CSExtends.m */ = {isa = PBXFileReference; fileEncoding = 4; lastKnownFileType = sourcecode.c.objc; path = "NSDictionary+CSExtends.m"; sourceTree = "<group>"; };
		09C1C76718BDC3630040B06D /* CSLog.h */ = {isa = PBXFileReference; lastKnownFileType = sourcecode.c.h; path = CSLog.h; sourceTree = "<group>"; };
/* End PBXFileReference section */

/* Begin PBXFrameworksBuildPhase section */
		09BA1B8A18BB2AB300760182 /* Frameworks */ = {
			isa = PBXFrameworksBuildPhase;
			buildActionMask = 2147483647;
			files = (
				09BA1C2E18BB412600760182 /* MobileCoreServices.framework in Frameworks */,
				09BA1C0818BB34BD00760182 /* SystemConfiguration.framework in Frameworks */,
				09BA1C0618BB34B500760182 /* libz.dylib in Frameworks */,
				09BA1C0418BB34B000760182 /* CoreTelephony.framework in Frameworks */,
				09BA1BEA18BB2FE100760182 /* QuartzCore.framework in Frameworks */,
				09BA1BFC18BB334900760182 /* libBPush.a in Frameworks */,
				09BA1B9318BB2AB300760182 /* CoreGraphics.framework in Frameworks */,
				09BA1B9518BB2AB300760182 /* UIKit.framework in Frameworks */,
				09BA1B9118BB2AB300760182 /* Foundation.framework in Frameworks */,
			);
			runOnlyForDeploymentPostprocessing = 0;
		};
		09BA1BAB18BB2AB600760182 /* Frameworks */ = {
			isa = PBXFrameworksBuildPhase;
			buildActionMask = 2147483647;
			files = (
				09BA1BB018BB2AB600760182 /* XCTest.framework in Frameworks */,
				09BA1BB218BB2AB600760182 /* UIKit.framework in Frameworks */,
				09BA1BB118BB2AB600760182 /* Foundation.framework in Frameworks */,
			);
			runOnlyForDeploymentPostprocessing = 0;
		};
/* End PBXFrameworksBuildPhase section */

/* Begin PBXGroup section */
		093904CC18BDD9F2006E8F82 /* controllers */ = {
			isa = PBXGroup;
			children = (
				093904CD18BDD9F2006E8F82 /* CSKuleGuideViewController.h */,
				093904CE18BDD9F2006E8F82 /* CSKuleGuideViewController.m */,
				093904DB18BDDA90006E8F82 /* CSKuleRootViewController.h */,
				093904DC18BDDA90006E8F82 /* CSKuleRootViewController.m */,
				093904DE18BDDA9D006E8F82 /* CSViewController.h */,
				093904DF18BDDA9D006E8F82 /* CSViewController.m */,
			);
			path = controllers;
			sourceTree = "<group>";
		};
		093904D518BDDA40006E8F82 /* core */ = {
			isa = PBXGroup;
			children = (
				093904D618BDDA40006E8F82 /* CSAppErrorCode.h */,
				093904D718BDDA40006E8F82 /* CSKulebaoEventType.h */,
				093904D818BDDA40006E8F82 /* CSKulebaoServerUrls.h */,
			);
			path = core;
			sourceTree = "<group>";
		};
		09BA1B8418BB2AB300760182 = {
			isa = PBXGroup;
			children = (
				09BA1BC918BB2FC700760182 /* Venders */,
				09BA1B9618BB2AB300760182 /* Kulebao */,
				09BA1BB518BB2AB600760182 /* KulebaoTests */,
				09BA1B8F18BB2AB300760182 /* Frameworks */,
				09BA1B8E18BB2AB300760182 /* Products */,
			);
			sourceTree = "<group>";
		};
		09BA1B8E18BB2AB300760182 /* Products */ = {
			isa = PBXGroup;
			children = (
				09BA1B8D18BB2AB300760182 /* Kulebao.app */,
				09BA1BAE18BB2AB600760182 /* KulebaoTests.xctest */,
			);
			name = Products;
			sourceTree = "<group>";
		};
		09BA1B8F18BB2AB300760182 /* Frameworks */ = {
			isa = PBXGroup;
			children = (
				09BA1C2D18BB412600760182 /* MobileCoreServices.framework */,
				09BA1C0718BB34BD00760182 /* SystemConfiguration.framework */,
				09BA1C0518BB34B500760182 /* libz.dylib */,
				09BA1C0318BB34B000760182 /* CoreTelephony.framework */,
				09BA1BE918BB2FE100760182 /* QuartzCore.framework */,
				09BA1B9018BB2AB300760182 /* Foundation.framework */,
				09BA1B9218BB2AB300760182 /* CoreGraphics.framework */,
				09BA1B9418BB2AB300760182 /* UIKit.framework */,
				09BA1BAF18BB2AB600760182 /* XCTest.framework */,
			);
			name = Frameworks;
			sourceTree = "<group>";
		};
		09BA1B9618BB2AB300760182 /* Kulebao */ = {
			isa = PBXGroup;
			children = (
				093904CC18BDD9F2006E8F82 /* controllers */,
				093904D518BDDA40006E8F82 /* core */,
				09C1C76318BD973B0040B06D /* extends */,
				09C1C75A18BD92020040B06D /* net */,
				09BA1B9718BB2AB300760182 /* Supporting Files */,
			);
			path = Kulebao;
			sourceTree = "<group>";
		};
		09BA1B9718BB2AB300760182 /* Supporting Files */ = {
			isa = PBXGroup;
			children = (
				09BA1BA818BB2AB400760182 /* Images.xcassets */,
				09BA1C3218BB429100760182 /* Main.storyboard */,
				09BA1B9818BB2AB300760182 /* Kulebao-Info.plist */,
				09BA1B9918BB2AB300760182 /* InfoPlist.strings */,
				09BA1BC718BB2D2000760182 /* Localizable.strings */,
				09BA1B9C18BB2AB300760182 /* main.m */,
				09BA1B9F18BB2AB400760182 /* CSAppDelegate.h */,
				09BA1BA018BB2AB400760182 /* CSAppDelegate.m */,
				09BA1B9E18BB2AB300760182 /* Kulebao-Prefix.pch */,
			);
			name = "Supporting Files";
			sourceTree = "<group>";
		};
		09BA1BB518BB2AB600760182 /* KulebaoTests */ = {
			isa = PBXGroup;
			children = (
				09BA1BBB18BB2AB600760182 /* KulebaoTests.m */,
				09BA1BB618BB2AB600760182 /* Supporting Files */,
			);
			path = KulebaoTests;
			sourceTree = "<group>";
		};
		09BA1BB618BB2AB600760182 /* Supporting Files */ = {
			isa = PBXGroup;
			children = (
				09BA1BB718BB2AB600760182 /* KulebaoTests-Info.plist */,
				09BA1BB818BB2AB600760182 /* InfoPlist.strings */,
			);
			name = "Supporting Files";
			sourceTree = "<group>";
		};
		09BA1BC918BB2FC700760182 /* Venders */ = {
			isa = PBXGroup;
			children = (
				09BA1C0F18BB3F8400760182 /* AFNetworking */,
				09BA1BED18BB334900760182 /* libBPush */,
				09BA1BCA18BB2FC700760182 /* EGOTableViewPullRefresh */,
			);
			path = Venders;
			sourceTree = "<group>";
		};
		09BA1BCA18BB2FC700760182 /* EGOTableViewPullRefresh */ = {
			isa = PBXGroup;
			children = (
				09BA1C0B18BB351700760182 /* PullTableViewLan.strings */,
				09BA1BCB18BB2FC700760182 /* Classes */,
				09BA1BD418BB2FC700760182 /* Resources */,
			);
			path = EGOTableViewPullRefresh;
			sourceTree = "<group>";
		};
		09BA1BCB18BB2FC700760182 /* Classes */ = {
			isa = PBXGroup;
			children = (
				09BA1BCC18BB2FC700760182 /* EGORefreshTableHeaderView.h */,
				09BA1BCD18BB2FC700760182 /* EGORefreshTableHeaderView.m */,
				09BA1BCE18BB2FC700760182 /* LoadMoreTableFooterView.h */,
				09BA1BCF18BB2FC700760182 /* LoadMoreTableFooterView.m */,
				09BA1BD018BB2FC700760182 /* MessageInterceptor.h */,
				09BA1BD118BB2FC700760182 /* MessageInterceptor.m */,
				09BA1BD218BB2FC700760182 /* PullTableView.h */,
				09BA1BD318BB2FC700760182 /* PullTableView.m */,
			);
			path = Classes;
			sourceTree = "<group>";
		};
		09BA1BD418BB2FC700760182 /* Resources */ = {
			isa = PBXGroup;
			children = (
				09BA1BD518BB2FC700760182 /* blackArrow.png */,
				09BA1BD618BB2FC700760182 /* blackArrow@2x.png */,
				09BA1BD718BB2FC700760182 /* blueArrow.png */,
				09BA1BD818BB2FC700760182 /* blueArrow@2x.png */,
				09BA1BD918BB2FC700760182 /* grayArrow.png */,
				09BA1BDA18BB2FC700760182 /* grayArrow@2x.png */,
				09BA1BDB18BB2FC700760182 /* whiteArrow.png */,
				09BA1BDC18BB2FC700760182 /* whiteArrow@2x.png */,
			);
			path = Resources;
			sourceTree = "<group>";
		};
		09BA1BED18BB334900760182 /* libBPush */ = {
			isa = PBXGroup;
			children = (
				09BA1C0D18BB386100760182 /* 版本说明.pdf */,
				09BA1C0E18BB386100760182 /* 用户手册.pdf */,
				09BA1BEE18BB334900760182 /* BPush.h */,
				09BA1BEF18BB334900760182 /* libBPush.a */,
				09BA1BF018BB334900760182 /* opensource */,
				09BA1C0918BB34F400760182 /* BPushConfig.plist */,
			);
			path = libBPush;
			sourceTree = "<group>";
		};
		09BA1BF018BB334900760182 /* opensource */ = {
			isa = PBXGroup;
			children = (
				09BA1BF118BB334900760182 /* Base64.h */,
				09BA1BF218BB334900760182 /* Base64.m */,
				09BA1BF318BB334900760182 /* Base64Defines.h */,
				09BA1BF418BB334900760182 /* GzipCompressor.h */,
				09BA1BF518BB334900760182 /* GzipCompressor.m */,
				09BA1BF618BB334900760182 /* JSONKit.h */,
				09BA1BF718BB334900760182 /* JSONKit.m */,
				09BA1BF818BB334900760182 /* OpenUDID.h */,
				09BA1BF918BB334900760182 /* OpenUDID.m */,
				09BA1BFA18BB334900760182 /* Reachability.h */,
				09BA1BFB18BB334900760182 /* Reachability.m */,
			);
			path = opensource;
			sourceTree = "<group>";
		};
		09BA1C0F18BB3F8400760182 /* AFNetworking */ = {
			isa = PBXGroup;
			children = (
				09BA1C1018BB3F8400760182 /* AFHTTPClient.h */,
				09BA1C1118BB3F8400760182 /* AFHTTPClient.m */,
				09BA1C1218BB3F8400760182 /* AFHTTPRequestOperation.h */,
				09BA1C1318BB3F8400760182 /* AFHTTPRequestOperation.m */,
				09BA1C1418BB3F8400760182 /* AFImageRequestOperation.h */,
				09BA1C1518BB3F8400760182 /* AFImageRequestOperation.m */,
				09BA1C1618BB3F8400760182 /* AFJSONRequestOperation.h */,
				09BA1C1718BB3F8400760182 /* AFJSONRequestOperation.m */,
				09BA1C1818BB3F8400760182 /* AFNetworkActivityIndicatorManager.h */,
				09BA1C1918BB3F8400760182 /* AFNetworkActivityIndicatorManager.m */,
				09BA1C1A18BB3F8400760182 /* AFNetworking.h */,
				09BA1C1B18BB3F8400760182 /* AFPropertyListRequestOperation.h */,
				09BA1C1C18BB3F8400760182 /* AFPropertyListRequestOperation.m */,
				09BA1C1D18BB3F8400760182 /* AFURLConnectionOperation.h */,
				09BA1C1E18BB3F8400760182 /* AFURLConnectionOperation.m */,
				09BA1C1F18BB3F8400760182 /* AFXMLRequestOperation.h */,
				09BA1C2018BB3F8400760182 /* AFXMLRequestOperation.m */,
				09BA1C2118BB3F8400760182 /* UIImageView+AFNetworking.h */,
				09BA1C2218BB3F8400760182 /* UIImageView+AFNetworking.m */,
			);
			path = AFNetworking;
			sourceTree = "<group>";
		};
		09C1C75A18BD92020040B06D /* net */ = {
			isa = PBXGroup;
			children = (
				09C1C75B18BD92990040B06D /* AFJSONRequestOperation+CSExtends.h */,
				09C1C75C18BD92990040B06D /* AFJSONRequestOperation+CSExtends.m */,
				09C1C75D18BD92990040B06D /* CSHttpClient.h */,
				09C1C75E18BD92990040B06D /* CSHttpClient.m */,
			);
			path = net;
			sourceTree = "<group>";
		};
		09C1C76318BD973B0040B06D /* extends */ = {
			isa = PBXGroup;
			children = (
				09C1C76718BDC3630040B06D /* CSLog.h */,
				09C1C76418BD973B0040B06D /* NSDictionary+CSExtends.h */,
				09C1C76518BD973B0040B06D /* NSDictionary+CSExtends.m */,
			);
			path = extends;
			sourceTree = "<group>";
		};
/* End PBXGroup section */

/* Begin PBXNativeTarget section */
		09BA1B8C18BB2AB300760182 /* Kulebao */ = {
			isa = PBXNativeTarget;
			buildConfigurationList = 09BA1BBF18BB2AB600760182 /* Build configuration list for PBXNativeTarget "Kulebao" */;
			buildPhases = (
				09BA1B8918BB2AB300760182 /* Sources */,
				09BA1B8A18BB2AB300760182 /* Frameworks */,
				09BA1B8B18BB2AB300760182 /* Resources */,
			);
			buildRules = (
			);
			dependencies = (
			);
			name = Kulebao;
			productName = Kulebao;
			productReference = 09BA1B8D18BB2AB300760182 /* Kulebao.app */;
			productType = "com.apple.product-type.application";
		};
		09BA1BAD18BB2AB600760182 /* KulebaoTests */ = {
			isa = PBXNativeTarget;
			buildConfigurationList = 09BA1BC218BB2AB600760182 /* Build configuration list for PBXNativeTarget "KulebaoTests" */;
			buildPhases = (
				09BA1BAA18BB2AB600760182 /* Sources */,
				09BA1BAB18BB2AB600760182 /* Frameworks */,
				09BA1BAC18BB2AB600760182 /* Resources */,
			);
			buildRules = (
			);
			dependencies = (
				09BA1BB418BB2AB600760182 /* PBXTargetDependency */,
			);
			name = KulebaoTests;
			productName = KulebaoTests;
			productReference = 09BA1BAE18BB2AB600760182 /* KulebaoTests.xctest */;
			productType = "com.apple.product-type.bundle.unit-test";
		};
/* End PBXNativeTarget section */

/* Begin PBXProject section */
		09BA1B8518BB2AB300760182 /* Project object */ = {
			isa = PBXProject;
			attributes = {
				CLASSPREFIX = CSKule;
				LastUpgradeCheck = 0500;
				ORGANIZATIONNAME = Cocobabys;
				TargetAttributes = {
					09BA1BAD18BB2AB600760182 = {
						TestTargetID = 09BA1B8C18BB2AB300760182;
					};
				};
			};
			buildConfigurationList = 09BA1B8818BB2AB300760182 /* Build configuration list for PBXProject "Kulebao" */;
			compatibilityVersion = "Xcode 3.2";
			developmentRegion = English;
			hasScannedForEncodings = 0;
			knownRegions = (
				en,
				Base,
				"zh-Hans",
			);
			mainGroup = 09BA1B8418BB2AB300760182;
			productRefGroup = 09BA1B8E18BB2AB300760182 /* Products */;
			projectDirPath = "";
			projectRoot = "";
			targets = (
				09BA1B8C18BB2AB300760182 /* Kulebao */,
				09BA1BAD18BB2AB600760182 /* KulebaoTests */,
			);
		};
/* End PBXProject section */

/* Begin PBXResourcesBuildPhase section */
		09BA1B8B18BB2AB300760182 /* Resources */ = {
			isa = PBXResourcesBuildPhase;
			buildActionMask = 2147483647;
			files = (
				09BA1C0A18BB34F400760182 /* BPushConfig.plist in Resources */,
				09BA1BC818BB2D2000760182 /* Localizable.strings in Resources */,
				09BA1BE718BB2FC700760182 /* whiteArrow.png in Resources */,
				09BA1BE218BB2FC700760182 /* blackArrow@2x.png in Resources */,
				09BA1BE818BB2FC700760182 /* whiteArrow@2x.png in Resources */,
				09BA1BE518BB2FC700760182 /* grayArrow.png in Resources */,
				09BA1BE118BB2FC700760182 /* blackArrow.png in Resources */,
				09BA1C3318BB429100760182 /* Main.storyboard in Resources */,
				09BA1BE618BB2FC700760182 /* grayArrow@2x.png in Resources */,
				09BA1BE318BB2FC700760182 /* blueArrow.png in Resources */,
				09BA1BA918BB2AB400760182 /* Images.xcassets in Resources */,
				09BA1BE418BB2FC700760182 /* blueArrow@2x.png in Resources */,
				09BA1B9B18BB2AB300760182 /* InfoPlist.strings in Resources */,
				09BA1C0C18BB351700760182 /* PullTableViewLan.strings in Resources */,
			);
			runOnlyForDeploymentPostprocessing = 0;
		};
		09BA1BAC18BB2AB600760182 /* Resources */ = {
			isa = PBXResourcesBuildPhase;
			buildActionMask = 2147483647;
			files = (
				09BA1BBA18BB2AB600760182 /* InfoPlist.strings in Resources */,
			);
			runOnlyForDeploymentPostprocessing = 0;
		};
/* End PBXResourcesBuildPhase section */

/* Begin PBXSourcesBuildPhase section */
		09BA1B8918BB2AB300760182 /* Sources */ = {
			isa = PBXSourcesBuildPhase;
			buildActionMask = 2147483647;
			files = (
				09BA1BFD18BB334900760182 /* Base64.m in Sources */,
				09BA1BE018BB2FC700760182 /* PullTableView.m in Sources */,
				09BA1C2818BB3F8400760182 /* AFPropertyListRequestOperation.m in Sources */,
				09BA1C0018BB334900760182 /* OpenUDID.m in Sources */,
				093904DD18BDDA90006E8F82 /* CSKuleRootViewController.m in Sources */,
				09BA1C2918BB3F8400760182 /* AFURLConnectionOperation.m in Sources */,
				09BA1BDD18BB2FC700760182 /* EGORefreshTableHeaderView.m in Sources */,
				09BA1C2318BB3F8400760182 /* AFHTTPClient.m in Sources */,
				093904E018BDDA9D006E8F82 /* CSViewController.m in Sources */,
				09BA1BA118BB2AB400760182 /* CSAppDelegate.m in Sources */,
				09BA1C2518BB3F8400760182 /* AFImageRequestOperation.m in Sources */,
				09BA1C2718BB3F8400760182 /* AFNetworkActivityIndicatorManager.m in Sources */,
				09BA1C2418BB3F8400760182 /* AFHTTPRequestOperation.m in Sources */,
				09BA1BFF18BB334900760182 /* JSONKit.m in Sources */,
				09BA1B9D18BB2AB300760182 /* main.m in Sources */,
				09BA1BDF18BB2FC700760182 /* MessageInterceptor.m in Sources */,
				09BA1BDE18BB2FC700760182 /* LoadMoreTableFooterView.m in Sources */,
				093904CF18BDD9F2006E8F82 /* CSKuleGuideViewController.m in Sources */,
				09BA1C2A18BB3F8400760182 /* AFXMLRequestOperation.m in Sources */,
				09BA1C0118BB334900760182 /* Reachability.m in Sources */,
				09C1C76018BD92990040B06D /* CSHttpClient.m in Sources */,
				09BA1C2618BB3F8400760182 /* AFJSONRequestOperation.m in Sources */,
				09BA1C2B18BB3F8400760182 /* UIImageView+AFNetworking.m in Sources */,
				09C1C75F18BD92990040B06D /* AFJSONRequestOperation+CSExtends.m in Sources */,
				09C1C76618BD973B0040B06D /* NSDictionary+CSExtends.m in Sources */,
				09BA1BFE18BB334900760182 /* GzipCompressor.m in Sources */,
			);
			runOnlyForDeploymentPostprocessing = 0;
		};
		09BA1BAA18BB2AB600760182 /* Sources */ = {
			isa = PBXSourcesBuildPhase;
			buildActionMask = 2147483647;
			files = (
				09BA1BBC18BB2AB600760182 /* KulebaoTests.m in Sources */,
			);
			runOnlyForDeploymentPostprocessing = 0;
		};
/* End PBXSourcesBuildPhase section */

/* Begin PBXTargetDependency section */
		09BA1BB418BB2AB600760182 /* PBXTargetDependency */ = {
			isa = PBXTargetDependency;
			target = 09BA1B8C18BB2AB300760182 /* Kulebao */;
			targetProxy = 09BA1BB318BB2AB600760182 /* PBXContainerItemProxy */;
		};
/* End PBXTargetDependency section */

/* Begin PBXVariantGroup section */
		09BA1B9918BB2AB300760182 /* InfoPlist.strings */ = {
			isa = PBXVariantGroup;
			children = (
				09BA1B9A18BB2AB300760182 /* en */,
				09BA1C3418BB43EC00760182 /* zh-Hans */,
			);
			name = InfoPlist.strings;
			sourceTree = "<group>";
		};
		09BA1BB818BB2AB600760182 /* InfoPlist.strings */ = {
			isa = PBXVariantGroup;
			children = (
				09BA1BB918BB2AB600760182 /* en */,
				09BA1C3518BB43EC00760182 /* zh-Hans */,
			);
			name = InfoPlist.strings;
			sourceTree = "<group>";
		};
/* End PBXVariantGroup section */

/* Begin XCBuildConfiguration section */
		09BA1BBD18BB2AB600760182 /* Debug */ = {
			isa = XCBuildConfiguration;
			buildSettings = {
				ALWAYS_SEARCH_USER_PATHS = NO;
				ARCHS = "$(ARCHS_STANDARD_INCLUDING_64_BIT)";
				CLANG_CXX_LANGUAGE_STANDARD = "gnu++0x";
				CLANG_CXX_LIBRARY = "libc++";
				CLANG_ENABLE_MODULES = YES;
				CLANG_ENABLE_OBJC_ARC = YES;
				CLANG_WARN_BOOL_CONVERSION = YES;
				CLANG_WARN_CONSTANT_CONVERSION = YES;
				CLANG_WARN_DIRECT_OBJC_ISA_USAGE = YES_ERROR;
				CLANG_WARN_EMPTY_BODY = YES;
				CLANG_WARN_ENUM_CONVERSION = YES;
				CLANG_WARN_INT_CONVERSION = YES;
				CLANG_WARN_OBJC_ROOT_CLASS = YES_ERROR;
				CLANG_WARN__DUPLICATE_METHOD_MATCH = YES;
				"CODE_SIGN_IDENTITY[sdk=iphoneos*]" = "iPhone Developer";
				COPY_PHASE_STRIP = NO;
				GCC_C_LANGUAGE_STANDARD = gnu99;
				GCC_DYNAMIC_NO_PIC = NO;
				GCC_OPTIMIZATION_LEVEL = 0;
				GCC_PREPROCESSOR_DEFINITIONS = (
					"DEBUG=1",
					"$(inherited)",
				);
				GCC_SYMBOLS_PRIVATE_EXTERN = NO;
				GCC_WARN_64_TO_32_BIT_CONVERSION = YES;
				GCC_WARN_ABOUT_RETURN_TYPE = YES_ERROR;
				GCC_WARN_UNDECLARED_SELECTOR = YES;
				GCC_WARN_UNINITIALIZED_AUTOS = YES;
				GCC_WARN_UNUSED_FUNCTION = YES;
				GCC_WARN_UNUSED_VARIABLE = YES;
				IPHONEOS_DEPLOYMENT_TARGET = 7.0;
				ONLY_ACTIVE_ARCH = YES;
				SDKROOT = iphoneos;
			};
			name = Debug;
		};
		09BA1BBE18BB2AB600760182 /* Release */ = {
			isa = XCBuildConfiguration;
			buildSettings = {
				ALWAYS_SEARCH_USER_PATHS = NO;
				ARCHS = "$(ARCHS_STANDARD_INCLUDING_64_BIT)";
				CLANG_CXX_LANGUAGE_STANDARD = "gnu++0x";
				CLANG_CXX_LIBRARY = "libc++";
				CLANG_ENABLE_MODULES = YES;
				CLANG_ENABLE_OBJC_ARC = YES;
				CLANG_WARN_BOOL_CONVERSION = YES;
				CLANG_WARN_CONSTANT_CONVERSION = YES;
				CLANG_WARN_DIRECT_OBJC_ISA_USAGE = YES_ERROR;
				CLANG_WARN_EMPTY_BODY = YES;
				CLANG_WARN_ENUM_CONVERSION = YES;
				CLANG_WARN_INT_CONVERSION = YES;
				CLANG_WARN_OBJC_ROOT_CLASS = YES_ERROR;
				CLANG_WARN__DUPLICATE_METHOD_MATCH = YES;
				"CODE_SIGN_IDENTITY[sdk=iphoneos*]" = "iPhone Developer";
				COPY_PHASE_STRIP = YES;
				ENABLE_NS_ASSERTIONS = NO;
				GCC_C_LANGUAGE_STANDARD = gnu99;
				GCC_WARN_64_TO_32_BIT_CONVERSION = YES;
				GCC_WARN_ABOUT_RETURN_TYPE = YES_ERROR;
				GCC_WARN_UNDECLARED_SELECTOR = YES;
				GCC_WARN_UNINITIALIZED_AUTOS = YES;
				GCC_WARN_UNUSED_FUNCTION = YES;
				GCC_WARN_UNUSED_VARIABLE = YES;
				IPHONEOS_DEPLOYMENT_TARGET = 7.0;
				SDKROOT = iphoneos;
				VALIDATE_PRODUCT = YES;
			};
			name = Release;
		};
		09BA1BC018BB2AB600760182 /* Debug */ = {
			isa = XCBuildConfiguration;
			buildSettings = {
				ARCHS = "$(ARCHS_STANDARD)";
				CODE_SIGN_IDENTITY = "iPhone Developer";
				GCC_PRECOMPILE_PREFIX_HEADER = YES;
				GCC_PREFIX_HEADER = "Kulebao/Kulebao-Prefix.pch";
				INFOPLIST_FILE = "Kulebao/Kulebao-Info.plist";
				IPHONEOS_DEPLOYMENT_TARGET = 5.0;
				LIBRARY_SEARCH_PATHS = (
					"$(inherited)",
					"/Users/xinus/xin.github/Kulebao-iPhone/Kulebao/Venders/libBPush",
				);
				PRODUCT_NAME = "$(TARGET_NAME)";
				WRAPPER_EXTENSION = app;
			};
			name = Debug;
		};
		09BA1BC118BB2AB600760182 /* Release */ = {
			isa = XCBuildConfiguration;
			buildSettings = {
				ARCHS = "$(ARCHS_STANDARD)";
				CODE_SIGN_IDENTITY = "iPhone Developer";
				GCC_PRECOMPILE_PREFIX_HEADER = YES;
				GCC_PREFIX_HEADER = "Kulebao/Kulebao-Prefix.pch";
				INFOPLIST_FILE = "Kulebao/Kulebao-Info.plist";
				IPHONEOS_DEPLOYMENT_TARGET = 5.0;
				LIBRARY_SEARCH_PATHS = (
					"$(inherited)",
					"/Users/xinus/xin.github/Kulebao-iPhone/Kulebao/Venders/libBPush",
				);
				PRODUCT_NAME = "$(TARGET_NAME)";
				WRAPPER_EXTENSION = app;
			};
			name = Release;
		};
		09BA1BC318BB2AB600760182 /* Debug */ = {
			isa = XCBuildConfiguration;
			buildSettings = {
				ARCHS = "$(ARCHS_STANDARD_INCLUDING_64_BIT)";
				BUNDLE_LOADER = "$(BUILT_PRODUCTS_DIR)/Kulebao.app/Kulebao";
				FRAMEWORK_SEARCH_PATHS = (
					"$(SDKROOT)/Developer/Library/Frameworks",
					"$(inherited)",
					"$(DEVELOPER_FRAMEWORKS_DIR)",
				);
				GCC_PRECOMPILE_PREFIX_HEADER = YES;
				GCC_PREFIX_HEADER = "Kulebao/Kulebao-Prefix.pch";
				GCC_PREPROCESSOR_DEFINITIONS = (
					"DEBUG=1",
					"$(inherited)",
				);
				INFOPLIST_FILE = "KulebaoTests/KulebaoTests-Info.plist";
				PRODUCT_NAME = "$(TARGET_NAME)";
				TEST_HOST = "$(BUNDLE_LOADER)";
				WRAPPER_EXTENSION = xctest;
			};
			name = Debug;
		};
		09BA1BC418BB2AB600760182 /* Release */ = {
			isa = XCBuildConfiguration;
			buildSettings = {
				ARCHS = "$(ARCHS_STANDARD_INCLUDING_64_BIT)";
				BUNDLE_LOADER = "$(BUILT_PRODUCTS_DIR)/Kulebao.app/Kulebao";
				FRAMEWORK_SEARCH_PATHS = (
					"$(SDKROOT)/Developer/Library/Frameworks",
					"$(inherited)",
					"$(DEVELOPER_FRAMEWORKS_DIR)",
				);
				GCC_PRECOMPILE_PREFIX_HEADER = YES;
				GCC_PREFIX_HEADER = "Kulebao/Kulebao-Prefix.pch";
				INFOPLIST_FILE = "KulebaoTests/KulebaoTests-Info.plist";
				PRODUCT_NAME = "$(TARGET_NAME)";
				TEST_HOST = "$(BUNDLE_LOADER)";
				WRAPPER_EXTENSION = xctest;
			};
			name = Release;
		};
/* End XCBuildConfiguration section */

/* Begin XCConfigurationList section */
		09BA1B8818BB2AB300760182 /* Build configuration list for PBXProject "Kulebao" */ = {
			isa = XCConfigurationList;
			buildConfigurations = (
				09BA1BBD18BB2AB600760182 /* Debug */,
				09BA1BBE18BB2AB600760182 /* Release */,
			);
			defaultConfigurationIsVisible = 0;
			defaultConfigurationName = Release;
		};
		09BA1BBF18BB2AB600760182 /* Build configuration list for PBXNativeTarget "Kulebao" */ = {
			isa = XCConfigurationList;
			buildConfigurations = (
				09BA1BC018BB2AB600760182 /* Debug */,
				09BA1BC118BB2AB600760182 /* Release */,
			);
			defaultConfigurationIsVisible = 0;
			defaultConfigurationName = Release;
		};
		09BA1BC218BB2AB600760182 /* Build configuration list for PBXNativeTarget "KulebaoTests" */ = {
			isa = XCConfigurationList;
			buildConfigurations = (
				09BA1BC318BB2AB600760182 /* Debug */,
				09BA1BC418BB2AB600760182 /* Release */,
			);
			defaultConfigurationIsVisible = 0;
			defaultConfigurationName = Release;
		};
/* End XCConfigurationList section */
	};
	rootObject = 09BA1B8518BB2AB300760182 /* Project object */;
}
